// !$*UTF8*$!
{
	archiveVersion = 1;
	classes = {
	};
	objectVersion = 56;
	objects = {

/* Begin PBXBuildFile section */
		00A9BB2828BDAC4F0091962B /* KeyChainManagerHostAppApp.swift in Sources */ = {isa = PBXBuildFile; fileRef = 00A9BB2728BDAC4F0091962B /* KeyChainManagerHostAppApp.swift */; };
		00A9BB2A28BDAC4F0091962B /* ContentView.swift in Sources */ = {isa = PBXBuildFile; fileRef = 00A9BB2928BDAC4F0091962B /* ContentView.swift */; };
		00A9BB2C28BDAC500091962B /* Assets.xcassets in Resources */ = {isa = PBXBuildFile; fileRef = 00A9BB2B28BDAC500091962B /* Assets.xcassets */; };
		00A9BB2F28BDAC500091962B /* Preview Assets.xcassets in Resources */ = {isa = PBXBuildFile; fileRef = 00A9BB2E28BDAC500091962B /* Preview Assets.xcassets */; };
		00A9BB3A28BDAC500091962B /* KeyChainManagerHostAppTests.swift in Sources */ = {isa = PBXBuildFile; fileRef = 00A9BB3928BDAC500091962B /* KeyChainManagerHostAppTests.swift */; };
		00A9BB4428BDAC500091962B /* KeyChainManagerHostAppUITests.swift in Sources */ = {isa = PBXBuildFile; fileRef = 00A9BB4328BDAC500091962B /* KeyChainManagerHostAppUITests.swift */; };
		00A9BB4628BDAC500091962B /* KeyChainManagerHostAppUITestsLaunchTests.swift in Sources */ = {isa = PBXBuildFile; fileRef = 00A9BB4528BDAC500091962B /* KeyChainManagerHostAppUITestsLaunchTests.swift */; };
/* End PBXBuildFile section */

/* Begin PBXContainerItemProxy section */
		00A9BB3628BDAC500091962B /* PBXContainerItemProxy */ = {
			isa = PBXContainerItemProxy;
			containerPortal = 00A9BB1C28BDAC4F0091962B /* Project object */;
			proxyType = 1;
			remoteGlobalIDString = 00A9BB2328BDAC4F0091962B;
			remoteInfo = KeyChainManagerHostApp;
		};
		00A9BB4028BDAC500091962B /* PBXContainerItemProxy */ = {
			isa = PBXContainerItemProxy;
			containerPortal = 00A9BB1C28BDAC4F0091962B /* Project object */;
			proxyType = 1;
			remoteGlobalIDString = 00A9BB2328BDAC4F0091962B;
			remoteInfo = KeyChainManagerHostApp;
		};
/* End PBXContainerItemProxy section */

/* Begin PBXFileReference section */
		00A9BB2428BDAC4F0091962B /* KeyChainManagerHostApp.app */ = {isa = PBXFileReference; explicitFileType = wrapper.application; includeInIndex = 0; path = KeyChainManagerHostApp.app; sourceTree = BUILT_PRODUCTS_DIR; };
		00A9BB2728BDAC4F0091962B /* KeyChainManagerHostAppApp.swift */ = {isa = PBXFileReference; lastKnownFileType = sourcecode.swift; path = KeyChainManagerHostAppApp.swift; sourceTree = "<group>"; };
		00A9BB2928BDAC4F0091962B /* ContentView.swift */ = {isa = PBXFileReference; lastKnownFileType = sourcecode.swift; path = ContentView.swift; sourceTree = "<group>"; };
		00A9BB2B28BDAC500091962B /* Assets.xcassets */ = {isa = PBXFileReference; lastKnownFileType = folder.assetcatalog; path = Assets.xcassets; sourceTree = "<group>"; };
		00A9BB2E28BDAC500091962B /* Preview Assets.xcassets */ = {isa = PBXFileReference; lastKnownFileType = folder.assetcatalog; path = "Preview Assets.xcassets"; sourceTree = "<group>"; };
		00A9BB3028BDAC500091962B /* KeyChainManagerHostApp.entitlements */ = {isa = PBXFileReference; lastKnownFileType = text.plist.entitlements; path = KeyChainManagerHostApp.entitlements; sourceTree = "<group>"; };
		00A9BB3528BDAC500091962B /* KeyChainManagerHostAppTests.xctest */ = {isa = PBXFileReference; explicitFileType = wrapper.cfbundle; includeInIndex = 0; path = KeyChainManagerHostAppTests.xctest; sourceTree = BUILT_PRODUCTS_DIR; };
		00A9BB3928BDAC500091962B /* KeyChainManagerHostAppTests.swift */ = {isa = PBXFileReference; lastKnownFileType = sourcecode.swift; path = KeyChainManagerHostAppTests.swift; sourceTree = "<group>"; };
		00A9BB3F28BDAC500091962B /* KeyChainManagerHostAppUITests.xctest */ = {isa = PBXFileReference; explicitFileType = wrapper.cfbundle; includeInIndex = 0; path = KeyChainManagerHostAppUITests.xctest; sourceTree = BUILT_PRODUCTS_DIR; };
		00A9BB4328BDAC500091962B /* KeyChainManagerHostAppUITests.swift */ = {isa = PBXFileReference; lastKnownFileType = sourcecode.swift; path = KeyChainManagerHostAppUITests.swift; sourceTree = "<group>"; };
		00A9BB4528BDAC500091962B /* KeyChainManagerHostAppUITestsLaunchTests.swift */ = {isa = PBXFileReference; lastKnownFileType = sourcecode.swift; path = KeyChainManagerHostAppUITestsLaunchTests.swift; sourceTree = "<group>"; };
/* End PBXFileReference section */

/* Begin PBXFrameworksBuildPhase section */
		00A9BB2128BDAC4F0091962B /* Frameworks */ = {
			isa = PBXFrameworksBuildPhase;
			buildActionMask = 2147483647;
			files = (
			);
			runOnlyForDeploymentPostprocessing = 0;
		};
		00A9BB3228BDAC500091962B /* Frameworks */ = {
			isa = PBXFrameworksBuildPhase;
			buildActionMask = 2147483647;
			files = (
			);
			runOnlyForDeploymentPostprocessing = 0;
		};
		00A9BB3C28BDAC500091962B /* Frameworks */ = {
			isa = PBXFrameworksBuildPhase;
			buildActionMask = 2147483647;
			files = (
			);
			runOnlyForDeploymentPostprocessing = 0;
		};
/* End PBXFrameworksBuildPhase section */

/* Begin PBXGroup section */
		00A9BB1B28BDAC4F0091962B = {
			isa = PBXGroup;
			children = (
				00A9BB2628BDAC4F0091962B /* KeyChainManagerHostApp */,
				00A9BB3828BDAC500091962B /* KeyChainManagerHostAppTests */,
				00A9BB4228BDAC500091962B /* KeyChainManagerHostAppUITests */,
				00A9BB2528BDAC4F0091962B /* Products */,
			);
			sourceTree = "<group>";
		};
		00A9BB2528BDAC4F0091962B /* Products */ = {
			isa = PBXGroup;
			children = (
				00A9BB2428BDAC4F0091962B /* KeyChainManagerHostApp.app */,
				00A9BB3528BDAC500091962B /* KeyChainManagerHostAppTests.xctest */,
				00A9BB3F28BDAC500091962B /* KeyChainManagerHostAppUITests.xctest */,
			);
			name = Products;
			sourceTree = "<group>";
		};
		00A9BB2628BDAC4F0091962B /* KeyChainManagerHostApp */ = {
			isa = PBXGroup;
			children = (
				00A9BB2728BDAC4F0091962B /* KeyChainManagerHostAppApp.swift */,
				00A9BB2928BDAC4F0091962B /* ContentView.swift */,
				00A9BB2B28BDAC500091962B /* Assets.xcassets */,
				00A9BB3028BDAC500091962B /* KeyChainManagerHostApp.entitlements */,
				00A9BB2D28BDAC500091962B /* Preview Content */,
			);
			path = KeyChainManagerHostApp;
			sourceTree = "<group>";
		};
		00A9BB2D28BDAC500091962B /* Preview Content */ = {
			isa = PBXGroup;
			children = (
				00A9BB2E28BDAC500091962B /* Preview Assets.xcassets */,
			);
			path = "Preview Content";
			sourceTree = "<group>";
		};
		00A9BB3828BDAC500091962B /* KeyChainManagerHostAppTests */ = {
			isa = PBXGroup;
			children = (
				00A9BB3928BDAC500091962B /* KeyChainManagerHostAppTests.swift */,
			);
			path = KeyChainManagerHostAppTests;
			sourceTree = "<group>";
		};
		00A9BB4228BDAC500091962B /* KeyChainManagerHostAppUITests */ = {
			isa = PBXGroup;
			children = (
				00A9BB4328BDAC500091962B /* KeyChainManagerHostAppUITests.swift */,
				00A9BB4528BDAC500091962B /* KeyChainManagerHostAppUITestsLaunchTests.swift */,
			);
			path = KeyChainManagerHostAppUITests;
			sourceTree = "<group>";
		};
/* End PBXGroup section */

/* Begin PBXNativeTarget section */
		00A9BB2328BDAC4F0091962B /* KeyChainManagerHostApp */ = {
			isa = PBXNativeTarget;
			buildConfigurationList = 00A9BB4928BDAC500091962B /* Build configuration list for PBXNativeTarget "KeyChainManagerHostApp" */;
			buildPhases = (
				00A9BB2028BDAC4F0091962B /* Sources */,
				00A9BB2128BDAC4F0091962B /* Frameworks */,
				00A9BB2228BDAC4F0091962B /* Resources */,
			);
			buildRules = (
			);
			dependencies = (
			);
			name = KeyChainManagerHostApp;
			productName = KeyChainManagerHostApp;
			productReference = 00A9BB2428BDAC4F0091962B /* KeyChainManagerHostApp.app */;
			productType = "com.apple.product-type.application";
		};
		00A9BB3428BDAC500091962B /* KeyChainManagerHostAppTests */ = {
			isa = PBXNativeTarget;
			buildConfigurationList = 00A9BB4C28BDAC500091962B /* Build configuration list for PBXNativeTarget "KeyChainManagerHostAppTests" */;
			buildPhases = (
				00A9BB3128BDAC500091962B /* Sources */,
				00A9BB3228BDAC500091962B /* Frameworks */,
				00A9BB3328BDAC500091962B /* Resources */,
			);
			buildRules = (
			);
			dependencies = (
				00A9BB3728BDAC500091962B /* PBXTargetDependency */,
			);
			name = KeyChainManagerHostAppTests;
			productName = KeyChainManagerHostAppTests;
			productReference = 00A9BB3528BDAC500091962B /* KeyChainManagerHostAppTests.xctest */;
			productType = "com.apple.product-type.bundle.unit-test";
		};
		00A9BB3E28BDAC500091962B /* KeyChainManagerHostAppUITests */ = {
			isa = PBXNativeTarget;
			buildConfigurationList = 00A9BB4F28BDAC500091962B /* Build configuration list for PBXNativeTarget "KeyChainManagerHostAppUITests" */;
			buildPhases = (
				00A9BB3B28BDAC500091962B /* Sources */,
				00A9BB3C28BDAC500091962B /* Frameworks */,
				00A9BB3D28BDAC500091962B /* Resources */,
			);
			buildRules = (
			);
			dependencies = (
				00A9BB4128BDAC500091962B /* PBXTargetDependency */,
			);
			name = KeyChainManagerHostAppUITests;
			productName = KeyChainManagerHostAppUITests;
			productReference = 00A9BB3F28BDAC500091962B /* KeyChainManagerHostAppUITests.xctest */;
			productType = "com.apple.product-type.bundle.ui-testing";
		};
/* End PBXNativeTarget section */

/* Begin PBXProject section */
		00A9BB1C28BDAC4F0091962B /* Project object */ = {
			isa = PBXProject;
			attributes = {
				BuildIndependentTargetsInParallel = 1;
				LastSwiftUpdateCheck = 1400;
				LastUpgradeCheck = 1400;
				TargetAttributes = {
					00A9BB2328BDAC4F0091962B = {
						CreatedOnToolsVersion = 14.0;
					};
					00A9BB3428BDAC500091962B = {
						CreatedOnToolsVersion = 14.0;
						TestTargetID = 00A9BB2328BDAC4F0091962B;
					};
					00A9BB3E28BDAC500091962B = {
						CreatedOnToolsVersion = 14.0;
						TestTargetID = 00A9BB2328BDAC4F0091962B;
					};
				};
			};
			buildConfigurationList = 00A9BB1F28BDAC4F0091962B /* Build configuration list for PBXProject "KeyChainManagerHostApp" */;
			compatibilityVersion = "Xcode 14.0";
			developmentRegion = en;
			hasScannedForEncodings = 0;
			knownRegions = (
				en,
				Base,
			);
			mainGroup = 00A9BB1B28BDAC4F0091962B;
			productRefGroup = 00A9BB2528BDAC4F0091962B /* Products */;
			projectDirPath = "";
			projectRoot = "";
			targets = (
				00A9BB2328BDAC4F0091962B /* KeyChainManagerHostApp */,
				00A9BB3428BDAC500091962B /* KeyChainManagerHostAppTests */,
				00A9BB3E28BDAC500091962B /* KeyChainManagerHostAppUITests */,
			);
		};
/* End PBXProject section */

/* Begin PBXResourcesBuildPhase section */
		00A9BB2228BDAC4F0091962B /* Resources */ = {
			isa = PBXResourcesBuildPhase;
			buildActionMask = 2147483647;
			files = (
				00A9BB2F28BDAC500091962B /* Preview Assets.xcassets in Resources */,
				00A9BB2C28BDAC500091962B /* Assets.xcassets in Resources */,
			);
			runOnlyForDeploymentPostprocessing = 0;
		};
		00A9BB3328BDAC500091962B /* Resources */ = {
			isa = PBXResourcesBuildPhase;
			buildActionMask = 2147483647;
			files = (
			);
			runOnlyForDeploymentPostprocessing = 0;
		};
		00A9BB3D28BDAC500091962B /* Resources */ = {
			isa = PBXResourcesBuildPhase;
			buildActionMask = 2147483647;
			files = (
			);
			runOnlyForDeploymentPostprocessing = 0;
		};
/* End PBXResourcesBuildPhase section */

/* Begin PBXSourcesBuildPhase section */
		00A9BB2028BDAC4F0091962B /* Sources */ = {
			isa = PBXSourcesBuildPhase;
			buildActionMask = 2147483647;
			files = (
				00A9BB2A28BDAC4F0091962B /* ContentView.swift in Sources */,
				00A9BB2828BDAC4F0091962B /* KeyChainManagerHostAppApp.swift in Sources */,
			);
			runOnlyForDeploymentPostprocessing = 0;
		};
		00A9BB3128BDAC500091962B /* Sources */ = {
			isa = PBXSourcesBuildPhase;
			buildActionMask = 2147483647;
			files = (
				00A9BB3A28BDAC500091962B /* KeyChainManagerHostAppTests.swift in Sources */,
			);
			runOnlyForDeploymentPostprocessing = 0;
		};
		00A9BB3B28BDAC500091962B /* Sources */ = {
			isa = PBXSourcesBuildPhase;
			buildActionMask = 2147483647;
			files = (
				00A9BB4628BDAC500091962B /* KeyChainManagerHostAppUITestsLaunchTests.swift in Sources */,
				00A9BB4428BDAC500091962B /* KeyChainManagerHostAppUITests.swift in Sources */,
			);
			runOnlyForDeploymentPostprocessing = 0;
		};
/* End PBXSourcesBuildPhase section */

/* Begin PBXTargetDependency section */
		00A9BB3728BDAC500091962B /* PBXTargetDependency */ = {
			isa = PBXTargetDependency;
			target = 00A9BB2328BDAC4F0091962B /* KeyChainManagerHostApp */;
			targetProxy = 00A9BB3628BDAC500091962B /* PBXContainerItemProxy */;
		};
		00A9BB4128BDAC500091962B /* PBXTargetDependency */ = {
			isa = PBXTargetDependency;
			target = 00A9BB2328BDAC4F0091962B /* KeyChainManagerHostApp */;
			targetProxy = 00A9BB4028BDAC500091962B /* PBXContainerItemProxy */;
		};
/* End PBXTargetDependency section */

/* Begin XCBuildConfiguration section */
		00A9BB4728BDAC500091962B /* Debug */ = {
			isa = XCBuildConfiguration;
			buildSettings = {
				ALWAYS_SEARCH_USER_PATHS = NO;
				CLANG_ANALYZER_NONNULL = YES;
				CLANG_ANALYZER_NUMBER_OBJECT_CONVERSION = YES_AGGRESSIVE;
				CLANG_CXX_LANGUAGE_STANDARD = "gnu++20";
				CLANG_ENABLE_MODULES = YES;
				CLANG_ENABLE_OBJC_ARC = YES;
				CLANG_ENABLE_OBJC_WEAK = YES;
				CLANG_WARN_BLOCK_CAPTURE_AUTORELEASING = YES;
				CLANG_WARN_BOOL_CONVERSION = YES;
				CLANG_WARN_COMMA = YES;
				CLANG_WARN_CONSTANT_CONVERSION = YES;
				CLANG_WARN_DEPRECATED_OBJC_IMPLEMENTATIONS = YES;
				CLANG_WARN_DIRECT_OBJC_ISA_USAGE = YES_ERROR;
				CLANG_WARN_DOCUMENTATION_COMMENTS = YES;
				CLANG_WARN_EMPTY_BODY = YES;
				CLANG_WARN_ENUM_CONVERSION = YES;
				CLANG_WARN_INFINITE_RECURSION = YES;
				CLANG_WARN_INT_CONVERSION = YES;
				CLANG_WARN_NON_LITERAL_NULL_CONVERSION = YES;
				CLANG_WARN_OBJC_IMPLICIT_RETAIN_SELF = YES;
				CLANG_WARN_OBJC_LITERAL_CONVERSION = YES;
				CLANG_WARN_OBJC_ROOT_CLASS = YES_ERROR;
				CLANG_WARN_QUOTED_INCLUDE_IN_FRAMEWORK_HEADER = YES;
				CLANG_WARN_RANGE_LOOP_ANALYSIS = YES;
				CLANG_WARN_STRICT_PROTOTYPES = YES;
				CLANG_WARN_SUSPICIOUS_MOVE = YES;
				CLANG_WARN_UNGUARDED_AVAILABILITY = YES_AGGRESSIVE;
				CLANG_WARN_UNREACHABLE_CODE = YES;
				CLANG_WARN__DUPLICATE_METHOD_MATCH = YES;
				COPY_PHASE_STRIP = NO;
				DEBUG_INFORMATION_FORMAT = dwarf;
				ENABLE_STRICT_OBJC_MSGSEND = YES;
				ENABLE_TESTABILITY = YES;
				GCC_C_LANGUAGE_STANDARD = gnu11;
				GCC_DYNAMIC_NO_PIC = NO;
				GCC_NO_COMMON_BLOCKS = YES;
				GCC_OPTIMIZATION_LEVEL = 0;
				GCC_PREPROCESSOR_DEFINITIONS = (
					"DEBUG=1",
					"$(inherited)",
				);
				GCC_WARN_64_TO_32_BIT_CONVERSION = YES;
				GCC_WARN_ABOUT_RETURN_TYPE = YES_ERROR;
				GCC_WARN_UNDECLARED_SELECTOR = YES;
				GCC_WARN_UNINITIALIZED_AUTOS = YES_AGGRESSIVE;
				GCC_WARN_UNUSED_FUNCTION = YES;
				GCC_WARN_UNUSED_VARIABLE = YES;
				MACOSX_DEPLOYMENT_TARGET = 13.0;
				MTL_ENABLE_DEBUG_INFO = INCLUDE_SOURCE;
				MTL_FAST_MATH = YES;
				ONLY_ACTIVE_ARCH = YES;
				SDKROOT = macosx;
				SWIFT_ACTIVE_COMPILATION_CONDITIONS = DEBUG;
				SWIFT_OPTIMIZATION_LEVEL = "-Onone";
			};
			name = Debug;
		};
		00A9BB4828BDAC500091962B /* Release */ = {
			isa = XCBuildConfiguration;
			buildSettings = {
				ALWAYS_SEARCH_USER_PATHS = NO;
				CLANG_ANALYZER_NONNULL = YES;
				CLANG_ANALYZER_NUMBER_OBJECT_CONVERSION = YES_AGGRESSIVE;
				CLANG_CXX_LANGUAGE_STANDARD = "gnu++20";
				CLANG_ENABLE_MODULES = YES;
				CLANG_ENABLE_OBJC_ARC = YES;
				CLANG_ENABLE_OBJC_WEAK = YES;
				CLANG_WARN_BLOCK_CAPTURE_AUTORELEASING = YES;
				CLANG_WARN_BOOL_CONVERSION = YES;
				CLANG_WARN_COMMA = YES;
				CLANG_WARN_CONSTANT_CONVERSION = YES;
				CLANG_WARN_DEPRECATED_OBJC_IMPLEMENTATIONS = YES;
				CLANG_WARN_DIRECT_OBJC_ISA_USAGE = YES_ERROR;
				CLANG_WARN_DOCUMENTATION_COMMENTS = YES;
				CLANG_WARN_EMPTY_BODY = YES;
				CLANG_WARN_ENUM_CONVERSION = YES;
				CLANG_WARN_INFINITE_RECURSION = YES;
				CLANG_WARN_INT_CONVERSION = YES;
				CLANG_WARN_NON_LITERAL_NULL_CONVERSION = YES;
				CLANG_WARN_OBJC_IMPLICIT_RETAIN_SELF = YES;
				CLANG_WARN_OBJC_LITERAL_CONVERSION = YES;
				CLANG_WARN_OBJC_ROOT_CLASS = YES_ERROR;
				CLANG_WARN_QUOTED_INCLUDE_IN_FRAMEWORK_HEADER = YES;
				CLANG_WARN_RANGE_LOOP_ANALYSIS = YES;
				CLANG_WARN_STRICT_PROTOTYPES = YES;
				CLANG_WARN_SUSPICIOUS_MOVE = YES;
				CLANG_WARN_UNGUARDED_AVAILABILITY = YES_AGGRESSIVE;
				CLANG_WARN_UNREACHABLE_CODE = YES;
				CLANG_WARN__DUPLICATE_METHOD_MATCH = YES;
				COPY_PHASE_STRIP = NO;
				DEBUG_INFORMATION_FORMAT = "dwarf-with-dsym";
				ENABLE_NS_ASSERTIONS = NO;
				ENABLE_STRICT_OBJC_MSGSEND = YES;
				GCC_C_LANGUAGE_STANDARD = gnu11;
				GCC_NO_COMMON_BLOCKS = YES;
				GCC_WARN_64_TO_32_BIT_CONVERSION = YES;
				GCC_WARN_ABOUT_RETURN_TYPE = YES_ERROR;
				GCC_WARN_UNDECLARED_SELECTOR = YES;
				GCC_WARN_UNINITIALIZED_AUTOS = YES_AGGRESSIVE;
				GCC_WARN_UNUSED_FUNCTION = YES;
				GCC_WARN_UNUSED_VARIABLE = YES;
				MACOSX_DEPLOYMENT_TARGET = 13.0;
				MTL_ENABLE_DEBUG_INFO = NO;
				MTL_FAST_MATH = YES;
				SDKROOT = macosx;
				SWIFT_COMPILATION_MODE = wholemodule;
				SWIFT_OPTIMIZATION_LEVEL = "-O";
			};
			name = Release;
		};
		00A9BB4A28BDAC500091962B /* Debug */ = {
			isa = XCBuildConfiguration;
			buildSettings = {
				ASSETCATALOG_COMPILER_APPICON_NAME = AppIcon;
				ASSETCATALOG_COMPILER_GLOBAL_ACCENT_COLOR_NAME = AccentColor;
				CODE_SIGN_ENTITLEMENTS = KeyChainManagerHostApp/KeyChainManagerHostApp.entitlements;
				CODE_SIGN_STYLE = Automatic;
				COMBINE_HIDPI_IMAGES = YES;
				CURRENT_PROJECT_VERSION = 1;
				DEVELOPMENT_ASSET_PATHS = "\"KeyChainManagerHostApp/Preview Content\"";
				DEVELOPMENT_TEAM = 44RS35G3C5;
				ENABLE_HARDENED_RUNTIME = YES;
				ENABLE_PREVIEWS = YES;
				GENERATE_INFOPLIST_FILE = YES;
				INFOPLIST_KEY_NSHumanReadableCopyright = "";
				LD_RUNPATH_SEARCH_PATHS = (
					"$(inherited)",
					"@executable_path/../Frameworks",
				);
				MARKETING_VERSION = 1.0;
				PRODUCT_BUNDLE_IDENTIFIER = per.jongho.KeyChainManagerHostApp;
				PRODUCT_NAME = "$(TARGET_NAME)";
				SWIFT_EMIT_LOC_STRINGS = YES;
				SWIFT_VERSION = 5.0;
			};
			name = Debug;
		};
		00A9BB4B28BDAC500091962B /* Release */ = {
			isa = XCBuildConfiguration;
			buildSettings = {
				ASSETCATALOG_COMPILER_APPICON_NAME = AppIcon;
				ASSETCATALOG_COMPILER_GLOBAL_ACCENT_COLOR_NAME = AccentColor;
				CODE_SIGN_ENTITLEMENTS = KeyChainManagerHostApp/KeyChainManagerHostApp.entitlements;
				CODE_SIGN_STYLE = Automatic;
				COMBINE_HIDPI_IMAGES = YES;
				CURRENT_PROJECT_VERSION = 1;
				DEVELOPMENT_ASSET_PATHS = "\"KeyChainManagerHostApp/Preview Content\"";
				DEVELOPMENT_TEAM = 44RS35G3C5;
				ENABLE_HARDENED_RUNTIME = YES;
				ENABLE_PREVIEWS = YES;
				GENERATE_INFOPLIST_FILE = YES;
				INFOPLIST_KEY_NSHumanReadableCopyright = "";
				LD_RUNPATH_SEARCH_PATHS = (
					"$(inherited)",
					"@executable_path/../Frameworks",
				);
				MARKETING_VERSION = 1.0;
				PRODUCT_BUNDLE_IDENTIFIER = per.jongho.KeyChainManagerHostApp;
				PRODUCT_NAME = "$(TARGET_NAME)";
				SWIFT_EMIT_LOC_STRINGS = YES;
				SWIFT_VERSION = 5.0;
			};
			name = Release;
		};
		00A9BB4D28BDAC500091962B /* Debug */ = {
			isa = XCBuildConfiguration;
			buildSettings = {
				ALWAYS_EMBED_SWIFT_STANDARD_LIBRARIES = YES;
				BUNDLE_LOADER = "$(TEST_HOST)";
				CODE_SIGN_STYLE = Automatic;
				CURRENT_PROJECT_VERSION = 1;
				DEVELOPMENT_TEAM = 44RS35G3C5;
				GENERATE_INFOPLIST_FILE = YES;
				MACOSX_DEPLOYMENT_TARGET = 13.0;
				MARKETING_VERSION = 1.0;
				PRODUCT_BUNDLE_IDENTIFIER = per.jongho.KeyChainManagerHostAppTests;
				PRODUCT_NAME = "$(TARGET_NAME)";
				SWIFT_EMIT_LOC_STRINGS = NO;
				SWIFT_VERSION = 5.0;
				TEST_HOST = "$(BUILT_PRODUCTS_DIR)/KeyChainManagerHostApp.app/$(BUNDLE_EXECUTABLE_FOLDER_PATH)/KeyChainManagerHostApp";
			};
			name = Debug;
		};
		00A9BB4E28BDAC500091962B /* Release */ = {
			isa = XCBuildConfiguration;
			buildSettings = {
				ALWAYS_EMBED_SWIFT_STANDARD_LIBRARIES = YES;
				BUNDLE_LOADER = "$(TEST_HOST)";
				CODE_SIGN_STYLE = Automatic;
				CURRENT_PROJECT_VERSION = 1;
				DEVELOPMENT_TEAM = 44RS35G3C5;
				GENERATE_INFOPLIST_FILE = YES;
				MACOSX_DEPLOYMENT_TARGET = 13.0;
				MARKETING_VERSION = 1.0;
				PRODUCT_BUNDLE_IDENTIFIER = per.jongho.KeyChainManagerHostAppTests;
				PRODUCT_NAME = "$(TARGET_NAME)";
				SWIFT_EMIT_LOC_STRINGS = NO;
				SWIFT_VERSION = 5.0;
				TEST_HOST = "$(BUILT_PRODUCTS_DIR)/KeyChainManagerHostApp.app/$(BUNDLE_EXECUTABLE_FOLDER_PATH)/KeyChainManagerHostApp";
			};
			name = Release;
		};
		00A9BB5028BDAC500091962B /* Debug */ = {
			isa = XCBuildConfiguration;
			buildSettings = {
				ALWAYS_EMBED_SWIFT_STANDARD_LIBRARIES = YES;
				CODE_SIGN_STYLE = Automatic;
				CURRENT_PROJECT_VERSION = 1;
				DEVELOPMENT_TEAM = 44RS35G3C5;
				GENERATE_INFOPLIST_FILE = YES;
				MARKETING_VERSION = 1.0;
				PRODUCT_BUNDLE_IDENTIFIER = per.jongho.KeyChainManagerHostAppUITests;
				PRODUCT_NAME = "$(TARGET_NAME)";
				SWIFT_EMIT_LOC_STRINGS = NO;
				SWIFT_VERSION = 5.0;
				TEST_TARGET_NAME = KeyChainManagerHostApp;
			};
			name = Debug;
		};
		00A9BB5128BDAC500091962B /* Release */ = {
			isa = XCBuildConfiguration;
			buildSettings = {
				ALWAYS_EMBED_SWIFT_STANDARD_LIBRARIES = YES;
				CODE_SIGN_STYLE = Automatic;
				CURRENT_PROJECT_VERSION = 1;
				DEVELOPMENT_TEAM = 44RS35G3C5;
				GENERATE_INFOPLIST_FILE = YES;
				MARKETING_VERSION = 1.0;
				PRODUCT_BUNDLE_IDENTIFIER = per.jongho.KeyChainManagerHostAppUITests;
				PRODUCT_NAME = "$(TARGET_NAME)";
				SWIFT_EMIT_LOC_STRINGS = NO;
				SWIFT_VERSION = 5.0;
				TEST_TARGET_NAME = KeyChainManagerHostApp;
			};
			name = Release;
		};
/* End XCBuildConfiguration section */

/* Begin XCConfigurationList section */
		00A9BB1F28BDAC4F0091962B /* Build configuration list for PBXProject "KeyChainManagerHostApp" */ = {
			isa = XCConfigurationList;
			buildConfigurations = (
				00A9BB4728BDAC500091962B /* Debug */,
				00A9BB4828BDAC500091962B /* Release */,
			);
			defaultConfigurationIsVisible = 0;
			defaultConfigurationName = Release;
		};
		00A9BB4928BDAC500091962B /* Build configuration list for PBXNativeTarget "KeyChainManagerHostApp" */ = {
			isa = XCConfigurationList;
			buildConfigurations = (
				00A9BB4A28BDAC500091962B /* Debug */,
				00A9BB4B28BDAC500091962B /* Release */,
			);
			defaultConfigurationIsVisible = 0;
			defaultConfigurationName = Release;
		};
		00A9BB4C28BDAC500091962B /* Build configuration list for PBXNativeTarget "KeyChainManagerHostAppTests" */ = {
			isa = XCConfigurationList;
			buildConfigurations = (
				00A9BB4D28BDAC500091962B /* Debug */,
				00A9BB4E28BDAC500091962B /* Release */,
			);
			defaultConfigurationIsVisible = 0;
			defaultConfigurationName = Release;
		};
		00A9BB4F28BDAC500091962B /* Build configuration list for PBXNativeTarget "KeyChainManagerHostAppUITests" */ = {
			isa = XCConfigurationList;
			buildConfigurations = (
				00A9BB5028BDAC500091962B /* Debug */,
				00A9BB5128BDAC500091962B /* Release */,
			);
			defaultConfigurationIsVisible = 0;
			defaultConfigurationName = Release;
		};
/* End XCConfigurationList section */
	};
	rootObject = 00A9BB1C28BDAC4F0091962B /* Project object */;
}
